
Microsoft Visual Studio Solution File, Format Version 12.00
# Visual Studio Version 16
VisualStudioVersion = 16.0.30320.27
MinimumVisualStudioVersion = 10.0.40219.1
Project("{9A19103F-16F7-4668-BE54-9A1E7A4F7556}") = "Coworking.Api", "Coworking.Api.csproj", "{11CBAF6A-AB39-4FE1-ACBB-6B643F2F0EF6}"
EndProject
Project("{2150E333-8FDC-42A3-9474-1A3956D46DE8}") = "1 - Layers", "1 - Layers", "{79813437-06E1-4368-A251-30C885932A25}"
EndProject
Project("{2150E333-8FDC-42A3-9474-1A3956D46DE8}") = "1.1 - Distributed Services", "1.1 - Distributed Services", "{29706FB7-3CED-4845-BA65-5CBFB832E02B}"
EndProject
Project("{2150E333-8FDC-42A3-9474-1A3956D46DE8}") = "1.2 - Application", "1.2 - Application", "{6FB172AB-3F40-441D-8269-75EE530182FA}"
EndProject
Project("{FAE04EC0-301F-11D3-BF4B-00C04F79EFBC}") = "Coworking.Api.Application", "..\Coworking.Api.Aplication\Coworking.Api.Application.csproj", "{F1F16BAB-3707-40A9-9C12-D8FFC36CC78C}"
EndProject
Project("{FAE04EC0-301F-11D3-BF4B-00C04F79EFBC}") = "Coworking.Api.Application.Contracts", "..\Coworking.Api.Application.Contracts\Coworking.Api.Application.Contracts.csproj", "{D75F9CEF-E431-4D9F-8297-4D8DFFEAD4A1}"
EndProject
Project("{FAE04EC0-301F-11D3-BF4B-00C04F79EFBC}") = "Coworking.Api.Application.Test", "..\Coworking.Api.Application.Test\Coworking.Api.Application.Test.csproj", "{A3A501ED-FABD-4B4D-815A-331636DFCFA0}"
EndProject
Project("{2150E333-8FDC-42A3-9474-1A3956D46DE8}") = "1.3 - Business", "1.3 - Business", "{18874ECD-0FED-4385-A13A-634A56E1C204}"
EndProject
Project("{FAE04EC0-301F-11D3-BF4B-00C04F79EFBC}") = "Coworking.Api.Business", "..\Coworking.Api.Business\Coworking.Api.Business.csproj", "{61857508-D998-44C3-B50A-C6B74B2B6DAF}"
EndProject
Project("{2150E333-8FDC-42A3-9474-1A3956D46DE8}") = "1.4 - Data Access", "1.4 - Data Access", "{95AFE7CC-FC16-4BF5-A7EC-3F706E54B249}"
EndProject
Project("{FAE04EC0-301F-11D3-BF4B-00C04F79EFBC}") = "Coworking.Api.DataAcces", "..\Coworking.Api.DataAcces\Coworking.Api.DataAcces.csproj", "{C4D097F1-0A8C-4EBC-AFC5-FE0F8D70A082}"
EndProject
Project("{FAE04EC0-301F-11D3-BF4B-00C04F79EFBC}") = "Coworking.Api.DataAccess.Contracts", "..\Coworking.Api.DataAccess.Contracts\Coworking.Api.DataAccess.Contracts.csproj", "{1D666458-FFBC-4D49-8B9E-ECF90DD63DB7}"
EndProject
Project("{2150E333-8FDC-42A3-9474-1A3956D46DE8}") = "1.5 - Cross Cutting", "1.5 - Cross Cutting", "{7638D2BB-7F74-4ABC-A7FD-AA0B23E3E2A0}"
EndProject
Project("{FAE04EC0-301F-11D3-BF4B-00C04F79EFBC}") = "Coworking.Api.CrossCutting", "..\Coworking.Api.CrossCutting\Coworking.Api.CrossCutting.csproj", "{1E5A9ABA-3DD8-47DB-8BDD-8A75918BF80A}"
EndProject
Global
	GlobalSection(SolutionConfigurationPlatforms) = preSolution
		Debug|Any CPU = Debug|Any CPU
		Release|Any CPU = Release|Any CPU
	EndGlobalSection
	GlobalSection(ProjectConfigurationPlatforms) = postSolution
		{11CBAF6A-AB39-4FE1-ACBB-6B643F2F0EF6}.Debug|Any CPU.ActiveCfg = Debug|Any CPU
		{11CBAF6A-AB39-4FE1-ACBB-6B643F2F0EF6}.Debug|Any CPU.Build.0 = Debug|Any CPU
		{11CBAF6A-AB39-4FE1-ACBB-6B643F2F0EF6}.Release|Any CPU.ActiveCfg = Release|Any CPU
		{11CBAF6A-AB39-4FE1-ACBB-6B643F2F0EF6}.Release|Any CPU.Build.0 = Release|Any CPU
		{F1F16BAB-3707-40A9-9C12-D8FFC36CC78C}.Debug|Any CPU.ActiveCfg = Debug|Any CPU
		{F1F16BAB-3707-40A9-9C12-D8FFC36CC78C}.Debug|Any CPU.Build.0 = Debug|Any CPU
		{F1F16BAB-3707-40A9-9C12-D8FFC36CC78C}.Release|Any CPU.ActiveCfg = Release|Any CPU
		{F1F16BAB-3707-40A9-9C12-D8FFC36CC78C}.Release|Any CPU.Build.0 = Release|Any CPU
		{D75F9CEF-E431-4D9F-8297-4D8DFFEAD4A1}.Debug|Any CPU.ActiveCfg = Debug|Any CPU
		{D75F9CEF-E431-4D9F-8297-4D8DFFEAD4A1}.Debug|Any CPU.Build.0 = Debug|Any CPU
		{D75F9CEF-E431-4D9F-8297-4D8DFFEAD4A1}.Release|Any CPU.ActiveCfg = Release|Any CPU
		{D75F9CEF-E431-4D9F-8297-4D8DFFEAD4A1}.Release|Any CPU.Build.0 = Release|Any CPU
		{A3A501ED-FABD-4B4D-815A-331636DFCFA0}.Debug|Any CPU.ActiveCfg = Debug|Any CPU
		{A3A501ED-FABD-4B4D-815A-331636DFCFA0}.Debug|Any CPU.Build.0 = Debug|Any CPU
		{A3A501ED-FABD-4B4D-815A-331636DFCFA0}.Release|Any CPU.ActiveCfg = Release|Any CPU
		{A3A501ED-FABD-4B4D-815A-331636DFCFA0}.Release|Any CPU.Build.0 = Release|Any CPU
		{61857508-D998-44C3-B50A-C6B74B2B6DAF}.Debug|Any CPU.ActiveCfg = Debug|Any CPU
		{61857508-D998-44C3-B50A-C6B74B2B6DAF}.Debug|Any CPU.Build.0 = Debug|Any CPU
		{61857508-D998-44C3-B50A-C6B74B2B6DAF}.Release|Any CPU.ActiveCfg = Release|Any CPU
		{61857508-D998-44C3-B50A-C6B74B2B6DAF}.Release|Any CPU.Build.0 = Release|Any CPU
		{C4D097F1-0A8C-4EBC-AFC5-FE0F8D70A082}.Debug|Any CPU.ActiveCfg = Debug|Any CPU
		{C4D097F1-0A8C-4EBC-AFC5-FE0F8D70A082}.Debug|Any CPU.Build.0 = Debug|Any CPU
		{C4D097F1-0A8C-4EBC-AFC5-FE0F8D70A082}.Release|Any CPU.ActiveCfg = Release|Any CPU
		{C4D097F1-0A8C-4EBC-AFC5-FE0F8D70A082}.Release|Any CPU.Build.0 = Release|Any CPU
		{1D666458-FFBC-4D49-8B9E-ECF90DD63DB7}.Debug|Any CPU.ActiveCfg = Debug|Any CPU
		{1D666458-FFBC-4D49-8B9E-ECF90DD63DB7}.Debug|Any CPU.Build.0 = Debug|Any CPU
		{1D666458-FFBC-4D49-8B9E-ECF90DD63DB7}.Release|Any CPU.ActiveCfg = Release|Any CPU
		{1D666458-FFBC-4D49-8B9E-ECF90DD63DB7}.Release|Any CPU.Build.0 = Release|Any CPU
		{1E5A9ABA-3DD8-47DB-8BDD-8A75918BF80A}.Debug|Any CPU.ActiveCfg = Debug|Any CPU
		{1E5A9ABA-3DD8-47DB-8BDD-8A75918BF80A}.Debug|Any CPU.Build.0 = Debug|Any CPU
		{1E5A9ABA-3DD8-47DB-8BDD-8A75918BF80A}.Release|Any CPU.ActiveCfg = Release|Any CPU
		{1E5A9ABA-3DD8-47DB-8BDD-8A75918BF80A}.Release|Any CPU.Build.0 = Release|Any CPU
	EndGlobalSection
	GlobalSection(SolutionProperties) = preSolution
		HideSolutionNode = FALSE
	EndGlobalSection
	GlobalSection(NestedProjects) = preSolution
		{11CBAF6A-AB39-4FE1-ACBB-6B643F2F0EF6} = {29706FB7-3CED-4845-BA65-5CBFB832E02B}
		{29706FB7-3CED-4845-BA65-5CBFB832E02B} = {79813437-06E1-4368-A251-30C885932A25}
		{6FB172AB-3F40-441D-8269-75EE530182FA} = {79813437-06E1-4368-A251-30C885932A25}
		{F1F16BAB-3707-40A9-9C12-D8FFC36CC78C} = {6FB172AB-3F40-441D-8269-75EE530182FA}
		{D75F9CEF-E431-4D9F-8297-4D8DFFEAD4A1} = {6FB172AB-3F40-441D-8269-75EE530182FA}
		{A3A501ED-FABD-4B4D-815A-331636DFCFA0} = {6FB172AB-3F40-441D-8269-75EE530182FA}
		{18874ECD-0FED-4385-A13A-634A56E1C204} = {79813437-06E1-4368-A251-30C885932A25}
		{61857508-D998-44C3-B50A-C6B74B2B6DAF} = {18874ECD-0FED-4385-A13A-634A56E1C204}
		{95AFE7CC-FC16-4BF5-A7EC-3F706E54B249} = {79813437-06E1-4368-A251-30C885932A25}
		{C4D097F1-0A8C-4EBC-AFC5-FE0F8D70A082} = {95AFE7CC-FC16-4BF5-A7EC-3F706E54B249}
		{1D666458-FFBC-4D49-8B9E-ECF90DD63DB7} = {95AFE7CC-FC16-4BF5-A7EC-3F706E54B249}
		{7638D2BB-7F74-4ABC-A7FD-AA0B23E3E2A0} = {79813437-06E1-4368-A251-30C885932A25}
		{1E5A9ABA-3DD8-47DB-8BDD-8A75918BF80A} = {7638D2BB-7F74-4ABC-A7FD-AA0B23E3E2A0}
	EndGlobalSection
	GlobalSection(ExtensibilityGlobals) = postSolution
		SolutionGuid = {87DFED4F-7E57-4855-A898-A41017D095A7}
	EndGlobalSection
EndGlobal
